
Microsoft Visual Studio Solution File, Format Version 11.00
# Visual Studio 2010
Project("{2150E333-8FDC-42A3-9474-1A3956D46DE8}") = "Data", "Data", "{3E275E09-A7B3-41BE-99D8-464A637DBBC8}"
EndProject
Project("{2150E333-8FDC-42A3-9474-1A3956D46DE8}") = "Business", "Business", "{8B802E02-D5C1-43F0-94E7-6E4501DCD13F}"
EndProject
Project("{2150E333-8FDC-42A3-9474-1A3956D46DE8}") = "Presentation", "Presentation", "{33AB5403-A1DB-4F9C-A823-AA6015DDBB12}"
EndProject
Project("{FAE04EC0-301F-11D3-BF4B-00C04F79EFBC}") = "FindIt.Web", "FindIt.Web\FindIt.Web.csproj", "{6D18A602-13B2-44B3-A1EE-66E21F8FE6F1}"
EndProject
Project("{FAE04EC0-301F-11D3-BF4B-00C04F79EFBC}") = "FindIt.Data", "FindIt.Data\FindIt.Data.csproj", "{5F074331-8046-4A94-9C90-F635CF11489B}"
EndProject
Project("{FAE04EC0-301F-11D3-BF4B-00C04F79EFBC}") = "FindIt.Data.SqlServer", "FindIt.Data.SqlServer\FindIt.Data.SqlServer.csproj", "{18852E0A-25C2-4577-93DF-7B676F1E97C7}"
EndProject
Project("{FAE04EC0-301F-11D3-BF4B-00C04F79EFBC}") = "FindIt.Domain", "FindIt.Domain\FindIt.Domain.csproj", "{805CBF70-24F6-4CC5-844D-3C0D2ABBC1BD}"
EndProject
Project("{FAE04EC0-301F-11D3-BF4B-00C04F79EFBC}") = "FindIt.Model", "FindIt.Model\FindIt.Model.csproj", "{13B7604E-4493-4DD5-B96D-EA488340AC68}"
EndProject
Project("{2150E333-8FDC-42A3-9474-1A3956D46DE8}") = "Infrastructure", "Infrastructure", "{E6482266-F65F-4F03-B67D-4A2178BCEA38}"
EndProject
Project("{FAE04EC0-301F-11D3-BF4B-00C04F79EFBC}") = "FindIt.Infrastructure", "FindIt.Infrastructure\FindIt.Infrastructure.csproj", "{52E4BEA7-08EC-4973-A063-7E6D60C95B9E}"
EndProject
Project("{FAE04EC0-301F-11D3-BF4B-00C04F79EFBC}") = "FindIt.Web.Framework", "FindIt.Web.Framework\FindIt.Web.Framework.csproj", "{B22B9D68-6404-48A0-AD6D-A082752D58E4}"
EndProject
Global
	GlobalSection(SolutionConfigurationPlatforms) = preSolution
		Debug|Any CPU = Debug|Any CPU
		Release|Any CPU = Release|Any CPU
	EndGlobalSection
	GlobalSection(ProjectConfigurationPlatforms) = postSolution
		{6D18A602-13B2-44B3-A1EE-66E21F8FE6F1}.Debug|Any CPU.ActiveCfg = Debug|Any CPU
		{6D18A602-13B2-44B3-A1EE-66E21F8FE6F1}.Debug|Any CPU.Build.0 = Debug|Any CPU
		{6D18A602-13B2-44B3-A1EE-66E21F8FE6F1}.Release|Any CPU.ActiveCfg = Release|Any CPU
		{6D18A602-13B2-44B3-A1EE-66E21F8FE6F1}.Release|Any CPU.Build.0 = Release|Any CPU
		{5F074331-8046-4A94-9C90-F635CF11489B}.Debug|Any CPU.ActiveCfg = Debug|Any CPU
		{5F074331-8046-4A94-9C90-F635CF11489B}.Debug|Any CPU.Build.0 = Debug|Any CPU
		{5F074331-8046-4A94-9C90-F635CF11489B}.Release|Any CPU.ActiveCfg = Release|Any CPU
		{5F074331-8046-4A94-9C90-F635CF11489B}.Release|Any CPU.Build.0 = Release|Any CPU
		{18852E0A-25C2-4577-93DF-7B676F1E97C7}.Debug|Any CPU.ActiveCfg = Debug|Any CPU
		{18852E0A-25C2-4577-93DF-7B676F1E97C7}.Debug|Any CPU.Build.0 = Debug|Any CPU
		{18852E0A-25C2-4577-93DF-7B676F1E97C7}.Release|Any CPU.ActiveCfg = Release|Any CPU
		{18852E0A-25C2-4577-93DF-7B676F1E97C7}.Release|Any CPU.Build.0 = Release|Any CPU
		{805CBF70-24F6-4CC5-844D-3C0D2ABBC1BD}.Debug|Any CPU.ActiveCfg = Debug|Any CPU
		{805CBF70-24F6-4CC5-844D-3C0D2ABBC1BD}.Debug|Any CPU.Build.0 = Debug|Any CPU
		{805CBF70-24F6-4CC5-844D-3C0D2ABBC1BD}.Release|Any CPU.ActiveCfg = Release|Any CPU
		{805CBF70-24F6-4CC5-844D-3C0D2ABBC1BD}.Release|Any CPU.Build.0 = Release|Any CPU
		{13B7604E-4493-4DD5-B96D-EA488340AC68}.Debug|Any CPU.ActiveCfg = Debug|Any CPU
		{13B7604E-4493-4DD5-B96D-EA488340AC68}.Debug|Any CPU.Build.0 = Debug|Any CPU
		{13B7604E-4493-4DD5-B96D-EA488340AC68}.Release|Any CPU.ActiveCfg = Release|Any CPU
		{13B7604E-4493-4DD5-B96D-EA488340AC68}.Release|Any CPU.Build.0 = Release|Any CPU
		{52E4BEA7-08EC-4973-A063-7E6D60C95B9E}.Debug|Any CPU.ActiveCfg = Debug|Any CPU
		{52E4BEA7-08EC-4973-A063-7E6D60C95B9E}.Debug|Any CPU.Build.0 = Debug|Any CPU
		{52E4BEA7-08EC-4973-A063-7E6D60C95B9E}.Release|Any CPU.ActiveCfg = Release|Any CPU
		{52E4BEA7-08EC-4973-A063-7E6D60C95B9E}.Release|Any CPU.Build.0 = Release|Any CPU
		{B22B9D68-6404-48A0-AD6D-A082752D58E4}.Debug|Any CPU.ActiveCfg = Debug|Any CPU
		{B22B9D68-6404-48A0-AD6D-A082752D58E4}.Debug|Any CPU.Build.0 = Debug|Any CPU
		{B22B9D68-6404-48A0-AD6D-A082752D58E4}.Release|Any CPU.ActiveCfg = Release|Any CPU
		{B22B9D68-6404-48A0-AD6D-A082752D58E4}.Release|Any CPU.Build.0 = Release|Any CPU
	EndGlobalSection
	GlobalSection(SolutionProperties) = preSolution
		HideSolutionNode = FALSE
	EndGlobalSection
	GlobalSection(NestedProjects) = preSolution
		{5F074331-8046-4A94-9C90-F635CF11489B} = {3E275E09-A7B3-41BE-99D8-464A637DBBC8}
		{18852E0A-25C2-4577-93DF-7B676F1E97C7} = {3E275E09-A7B3-41BE-99D8-464A637DBBC8}
		{13B7604E-4493-4DD5-B96D-EA488340AC68} = {3E275E09-A7B3-41BE-99D8-464A637DBBC8}
		{805CBF70-24F6-4CC5-844D-3C0D2ABBC1BD} = {8B802E02-D5C1-43F0-94E7-6E4501DCD13F}
		{6D18A602-13B2-44B3-A1EE-66E21F8FE6F1} = {33AB5403-A1DB-4F9C-A823-AA6015DDBB12}
		{B22B9D68-6404-48A0-AD6D-A082752D58E4} = {33AB5403-A1DB-4F9C-A823-AA6015DDBB12}
		{52E4BEA7-08EC-4973-A063-7E6D60C95B9E} = {E6482266-F65F-4F03-B67D-4A2178BCEA38}
	EndGlobalSection
EndGlobal
